# This file is automatically @generated by Poetry 2.1.3 and should not be changed by hand.

[[package]]
name = "mongo-db"
version = "0.1"
description = "TODO"
optional = false
python-versions = "*"
groups = ["main"]
files = [
    {file = "mongo_db-0.1-py3-none-any.whl", hash = "sha256:fb4cfa16aecb339ba7be760176237fc5281aa54ef2f4569b05f32fe2d3c57a93"},
    {file = "mongo_db-0.1.tar.gz", hash = "sha256:ce897a410e614674280e0fe9565a3814e04df70fd97225a2db8716a7f8817861"},
]

[[package]]
name = "pyjwt"
version = "2.10.1"
description = "JSON Web Token implementation in Python"
optional = false
python-versions = ">=3.9"
groups = ["main"]
files = [
    {file = "PyJWT-2.10.1-py3-none-any.whl", hash = "sha256:dcdd193e30abefd5debf142f9adfcdd2b58004e644f25406ffaebd50bd98dacb"},
    {file = "pyjwt-2.10.1.tar.gz", hash = "sha256:3cc5772eb20009233caf06e9d8a0577824723b44e6648ee0a2aedb6cf9381953"},
]

[package.extras]
crypto = ["cryptography (>=3.4.0)"]
dev = ["coverage[toml] (==5.0.4)", "cryptography (>=3.4.0)", "pre-commit", "pytest (>=6.0.0,<7.0.0)", "sphinx", "sphinx-rtd-theme", "zope.interface"]
docs = ["sphinx", "sphinx-rtd-theme", "zope.interface"]
tests = ["coverage[toml] (==5.0.4)", "pytest (>=6.0.0,<7.0.0)"]

[metadata]
lock-version = "2.1"
python-versions = ">=3.10"
content-hash = "250fbbbd1d68151622fde169195f87b2bb032ac63b2e16fb06de53b39ebdff24"
